
Microsoft Visual Studio Solution File, Format Version 12.00
# Visual Studio 14
VisualStudioVersion = 14.0.25420.1
MinimumVisualStudioVersion = 10.0.40219.1
Project("{FAE04EC0-301F-11D3-BF4B-00C04F79EFBC}") = "APMT", "APMT\APMT.csproj", "{13A36ADA-81A7-49F0-8006-EF0D9D06D923}"
EndProject
Project("{FAE04EC0-301F-11D3-BF4B-00C04F79EFBC}") = "StaticResource", "..\D.o.T - Pham Ngoc Duy\PhanQuyen\StaticResource\StaticResource.csproj", "{35EAD44C-31EA-4832-9890-51F0B071BE5C}"
EndProject
Project("{FAE04EC0-301F-11D3-BF4B-00C04F79EFBC}") = "Models", "Models\Models.csproj", "{0583B270-DF0E-4872-AA08-46884946E473}"
EndProject
Global
	GlobalSection(SolutionConfigurationPlatforms) = preSolution
		Debug|Any CPU = Debug|Any CPU
		Release|Any CPU = Release|Any CPU
	EndGlobalSection
	GlobalSection(ProjectConfigurationPlatforms) = postSolution
		{13A36ADA-81A7-49F0-8006-EF0D9D06D923}.Debug|Any CPU.ActiveCfg = Debug|Any CPU
		{13A36ADA-81A7-49F0-8006-EF0D9D06D923}.Debug|Any CPU.Build.0 = Debug|Any CPU
		{13A36ADA-81A7-49F0-8006-EF0D9D06D923}.Release|Any CPU.ActiveCfg = Release|Any CPU
		{13A36ADA-81A7-49F0-8006-EF0D9D06D923}.Release|Any CPU.Build.0 = Release|Any CPU
		{35EAD44C-31EA-4832-9890-51F0B071BE5C}.Debug|Any CPU.ActiveCfg = Debug|Any CPU
		{35EAD44C-31EA-4832-9890-51F0B071BE5C}.Debug|Any CPU.Build.0 = Debug|Any CPU
		{35EAD44C-31EA-4832-9890-51F0B071BE5C}.Release|Any CPU.ActiveCfg = Release|Any CPU
		{35EAD44C-31EA-4832-9890-51F0B071BE5C}.Release|Any CPU.Build.0 = Release|Any CPU
		{0583B270-DF0E-4872-AA08-46884946E473}.Debug|Any CPU.ActiveCfg = Debug|Any CPU
		{0583B270-DF0E-4872-AA08-46884946E473}.Debug|Any CPU.Build.0 = Debug|Any CPU
		{0583B270-DF0E-4872-AA08-46884946E473}.Release|Any CPU.ActiveCfg = Release|Any CPU
		{0583B270-DF0E-4872-AA08-46884946E473}.Release|Any CPU.Build.0 = Release|Any CPU
	EndGlobalSection
	GlobalSection(SolutionProperties) = preSolution
		HideSolutionNode = FALSE
	EndGlobalSection
EndGlobal
